// !$*UTF8*$!
{
	archiveVersion = 1;
	classes = {
	};
	objectVersion = 50;
	objects = {

/* Begin PBXBuildFile section */
		C82949932174EA9700A0F701 /* AllListsViewController.swift in Sources */ = {isa = PBXBuildFile; fileRef = C82949922174EA9700A0F701 /* AllListsViewController.swift */; };
		C82949952174F1FD00A0F701 /* Checklist.swift in Sources */ = {isa = PBXBuildFile; fileRef = C82949942174F1FD00A0F701 /* Checklist.swift */; };
		C829499721766C1100A0F701 /* ListDetailViewController.swift in Sources */ = {isa = PBXBuildFile; fileRef = C829499621766C1100A0F701 /* ListDetailViewController.swift */; };
		C82949992176E41A00A0F701 /* DataModel.swift in Sources */ = {isa = PBXBuildFile; fileRef = C82949982176E41A00A0F701 /* DataModel.swift */; };
		C82D874B217CEC48007F712B /* IconPickerViewController.swift in Sources */ = {isa = PBXBuildFile; fileRef = C82D874A217CEC48007F712B /* IconPickerViewController.swift */; };
		C86ACFD021692E1E00BDA71C /* ItemDetailViewController.swift in Sources */ = {isa = PBXBuildFile; fileRef = C86ACFCF21692E1E00BDA71C /* ItemDetailViewController.swift */; };
		C872DE4A215D69F700E4F41B /* AppDelegate.swift in Sources */ = {isa = PBXBuildFile; fileRef = C872DE49215D69F700E4F41B /* AppDelegate.swift */; };
		C872DE4C215D69F700E4F41B /* ChecklistViewController.swift in Sources */ = {isa = PBXBuildFile; fileRef = C872DE4B215D69F700E4F41B /* ChecklistViewController.swift */; };
		C872DE4F215D69F700E4F41B /* Main.storyboard in Resources */ = {isa = PBXBuildFile; fileRef = C872DE4D215D69F700E4F41B /* Main.storyboard */; };
		C872DE51215D69F900E4F41B /* Assets.xcassets in Resources */ = {isa = PBXBuildFile; fileRef = C872DE50215D69F900E4F41B /* Assets.xcassets */; };
		C872DE5C2160385E00E4F41B /* ChecklistItem.swift in Sources */ = {isa = PBXBuildFile; fileRef = C872DE5B2160385E00E4F41B /* ChecklistItem.swift */; };
/* End PBXBuildFile section */

/* Begin PBXFileReference section */
		C82949922174EA9700A0F701 /* AllListsViewController.swift */ = {isa = PBXFileReference; lastKnownFileType = sourcecode.swift; path = AllListsViewController.swift; sourceTree = "<group>"; };
		C82949942174F1FD00A0F701 /* Checklist.swift */ = {isa = PBXFileReference; lastKnownFileType = sourcecode.swift; path = Checklist.swift; sourceTree = "<group>"; };
		C829499621766C1100A0F701 /* ListDetailViewController.swift */ = {isa = PBXFileReference; lastKnownFileType = sourcecode.swift; path = ListDetailViewController.swift; sourceTree = "<group>"; };
		C82949982176E41A00A0F701 /* DataModel.swift */ = {isa = PBXFileReference; lastKnownFileType = sourcecode.swift; path = DataModel.swift; sourceTree = "<group>"; };
		C82D874A217CEC48007F712B /* IconPickerViewController.swift */ = {isa = PBXFileReference; lastKnownFileType = sourcecode.swift; path = IconPickerViewController.swift; sourceTree = "<group>"; };
		C86ACFCF21692E1E00BDA71C /* ItemDetailViewController.swift */ = {isa = PBXFileReference; lastKnownFileType = sourcecode.swift; path = ItemDetailViewController.swift; sourceTree = "<group>"; };
		C872DE46215D69F700E4F41B /* CheckLists.app */ = {isa = PBXFileReference; explicitFileType = wrapper.application; includeInIndex = 0; path = CheckLists.app; sourceTree = BUILT_PRODUCTS_DIR; };
		C872DE49215D69F700E4F41B /* AppDelegate.swift */ = {isa = PBXFileReference; lastKnownFileType = sourcecode.swift; path = AppDelegate.swift; sourceTree = "<group>"; };
		C872DE4B215D69F700E4F41B /* ChecklistViewController.swift */ = {isa = PBXFileReference; lastKnownFileType = sourcecode.swift; path = ChecklistViewController.swift; sourceTree = "<group>"; };
		C872DE4E215D69F700E4F41B /* Base */ = {isa = PBXFileReference; lastKnownFileType = file.storyboard; name = Base; path = Base.lproj/Main.storyboard; sourceTree = "<group>"; };
		C872DE50215D69F900E4F41B /* Assets.xcassets */ = {isa = PBXFileReference; lastKnownFileType = folder.assetcatalog; path = Assets.xcassets; sourceTree = "<group>"; };
		C872DE55215D69F900E4F41B /* Info.plist */ = {isa = PBXFileReference; lastKnownFileType = text.plist.xml; path = Info.plist; sourceTree = "<group>"; };
		C872DE5B2160385E00E4F41B /* ChecklistItem.swift */ = {isa = PBXFileReference; lastKnownFileType = sourcecode.swift; path = ChecklistItem.swift; sourceTree = "<group>"; };
/* End PBXFileReference section */

/* Begin PBXFrameworksBuildPhase section */
		C872DE43215D69F700E4F41B /* Frameworks */ = {
			isa = PBXFrameworksBuildPhase;
			buildActionMask = 2147483647;
			files = (
			);
			runOnlyForDeploymentPostprocessing = 0;
		};
/* End PBXFrameworksBuildPhase section */

/* Begin PBXGroup section */
		C82D8747217C357D007F712B /* Data Models */ = {
			isa = PBXGroup;
			children = (
				C82949942174F1FD00A0F701 /* Checklist.swift */,
				C872DE5B2160385E00E4F41B /* ChecklistItem.swift */,
				C82949982176E41A00A0F701 /* DataModel.swift */,
			);
			path = "Data Models";
			sourceTree = "<group>";
		};
		C82D8748217C358A007F712B /* View Controllers */ = {
			isa = PBXGroup;
			children = (
				C82949922174EA9700A0F701 /* AllListsViewController.swift */,
				C872DE4B215D69F700E4F41B /* ChecklistViewController.swift */,
				C86ACFCF21692E1E00BDA71C /* ItemDetailViewController.swift */,
				C829499621766C1100A0F701 /* ListDetailViewController.swift */,
				C82D874A217CEC48007F712B /* IconPickerViewController.swift */,
			);
			path = "View Controllers";
			sourceTree = "<group>";
		};
		C82D8749217C35A3007F712B /* Resources */ = {
			isa = PBXGroup;
			children = (
				C872DE50215D69F900E4F41B /* Assets.xcassets */,
				C872DE4D215D69F700E4F41B /* Main.storyboard */,
			);
			path = Resources;
			sourceTree = "<group>";
		};
		C872DE3D215D69F700E4F41B = {
			isa = PBXGroup;
			children = (
				C872DE48215D69F700E4F41B /* CheckLists */,
				C872DE47215D69F700E4F41B /* Products */,
			);
			sourceTree = "<group>";
		};
		C872DE47215D69F700E4F41B /* Products */ = {
			isa = PBXGroup;
			children = (
				C872DE46215D69F700E4F41B /* CheckLists.app */,
			);
			name = Products;
			sourceTree = "<group>";
		};
		C872DE48215D69F700E4F41B /* CheckLists */ = {
			isa = PBXGroup;
			children = (
				C82D8747217C357D007F712B /* Data Models */,
				C82D8748217C358A007F712B /* View Controllers */,
				C82D8749217C35A3007F712B /* Resources */,
				C872DE49215D69F700E4F41B /* AppDelegate.swift */,
				C872DE55215D69F900E4F41B /* Info.plist */,
			);
			path = CheckLists;
			sourceTree = "<group>";
		};
/* End PBXGroup section */

/* Begin PBXNativeTarget section */
		C872DE45215D69F700E4F41B /* CheckLists */ = {
			isa = PBXNativeTarget;
			buildConfigurationList = C872DE58215D69F900E4F41B /* Build configuration list for PBXNativeTarget "CheckLists" */;
			buildPhases = (
				C872DE42215D69F700E4F41B /* Sources */,
				C872DE43215D69F700E4F41B /* Frameworks */,
				C872DE44215D69F700E4F41B /* Resources */,
			);
			buildRules = (
			);
			dependencies = (
			);
			name = CheckLists;
			productName = CheckLists;
			productReference = C872DE46215D69F700E4F41B /* CheckLists.app */;
			productType = "com.apple.product-type.application";
		};
/* End PBXNativeTarget section */

/* Begin PBXProject section */
		C872DE3E215D69F700E4F41B /* Project object */ = {
			isa = PBXProject;
			attributes = {
				LastSwiftUpdateCheck = 1000;
				LastUpgradeCheck = 1000;
				ORGANIZATIONNAME = "Sajjad Patel";
				TargetAttributes = {
					C872DE45215D69F700E4F41B = {
						CreatedOnToolsVersion = 10.0;
					};
				};
			};
			buildConfigurationList = C872DE41215D69F700E4F41B /* Build configuration list for PBXProject "CheckLists" */;
			compatibilityVersion = "Xcode 9.3";
			developmentRegion = en;
			hasScannedForEncodings = 0;
			knownRegions = (
				en,
				Base,
			);
			mainGroup = C872DE3D215D69F700E4F41B;
			productRefGroup = C872DE47215D69F700E4F41B /* Products */;
			projectDirPath = "";
			projectRoot = "";
			targets = (
				C872DE45215D69F700E4F41B /* CheckLists */,
			);
		};
/* End PBXProject section */

/* Begin PBXResourcesBuildPhase section */
		C872DE44215D69F700E4F41B /* Resources */ = {
			isa = PBXResourcesBuildPhase;
			buildActionMask = 2147483647;
			files = (
				C872DE51215D69F900E4F41B /* Assets.xcassets in Resources */,
				C872DE4F215D69F700E4F41B /* Main.storyboard in Resources */,
			);
			runOnlyForDeploymentPostprocessing = 0;
		};
/* End PBXResourcesBuildPhase section */

/* Begin PBXSourcesBuildPhase section */
		C872DE42215D69F700E4F41B /* Sources */ = {
			isa = PBXSourcesBuildPhase;
			buildActionMask = 2147483647;
			files = (
				C872DE4C215D69F700E4F41B /* ChecklistViewController.swift in Sources */,
				C829499721766C1100A0F701 /* ListDetailViewController.swift in Sources */,
				C86ACFD021692E1E00BDA71C /* ItemDetailViewController.swift in Sources */,
				C82D874B217CEC48007F712B /* IconPickerViewController.swift in Sources */,
				C82949952174F1FD00A0F701 /* Checklist.swift in Sources */,
				C872DE5C2160385E00E4F41B /* ChecklistItem.swift in Sources */,
				C82949992176E41A00A0F701 /* DataModel.swift in Sources */,
				C82949932174EA9700A0F701 /* AllListsViewController.swift in Sources */,
				C872DE4A215D69F700E4F41B /* AppDelegate.swift in Sources */,
			);
			runOnlyForDeploymentPostprocessing = 0;
		};
/* End PBXSourcesBuildPhase section */

/* Begin PBXVariantGroup section */
		C872DE4D215D69F700E4F41B /* Main.storyboard */ = {
			isa = PBXVariantGroup;
			children = (
				C872DE4E215D69F700E4F41B /* Base */,
			);
			name = Main.storyboard;
			sourceTree = "<group>";
		};
/* End PBXVariantGroup section */

/* Begin XCBuildConfiguration section */
		C872DE56215D69F900E4F41B /* Debug */ = {
			isa = XCBuildConfiguration;
			buildSettings = {
				ALWAYS_SEARCH_USER_PATHS = NO;
				CLANG_ANALYZER_NONNULL = YES;
				CLANG_ANALYZER_NUMBER_OBJECT_CONVERSION = YES_AGGRESSIVE;
				CLANG_CXX_LANGUAGE_STANDARD = "gnu++14";
				CLANG_CXX_LIBRARY = "libc++";
				CLANG_ENABLE_MODULES = YES;
				CLANG_ENABLE_OBJC_ARC = YES;
				CLANG_ENABLE_OBJC_WEAK = YES;
				CLANG_WARN_BLOCK_CAPTURE_AUTORELEASING = YES;
				CLANG_WARN_BOOL_CONVERSION = YES;
				CLANG_WARN_COMMA = YES;
				CLANG_WARN_CONSTANT_CONVERSION = YES;
				CLANG_WARN_DEPRECATED_OBJC_IMPLEMENTATIONS = YES;
				CLANG_WARN_DIRECT_OBJC_ISA_USAGE = YES_ERROR;
				CLANG_WARN_DOCUMENTATION_COMMENTS = YES;
				CLANG_WARN_EMPTY_BODY = YES;
				CLANG_WARN_ENUM_CONVERSION = YES;
				CLANG_WARN_INFINITE_RECURSION = YES;
				CLANG_WARN_INT_CONVERSION = YES;
				CLANG_WARN_NON_LITERAL_NULL_CONVERSION = YES;
				CLANG_WARN_OBJC_IMPLICIT_RETAIN_SELF = YES;
				CLANG_WARN_OBJC_LITERAL_CONVERSION = YES;
				CLANG_WARN_OBJC_ROOT_CLASS = YES_ERROR;
				CLANG_WARN_RANGE_LOOP_ANALYSIS = YES;
				CLANG_WARN_STRICT_PROTOTYPES = YES;
				CLANG_WARN_SUSPICIOUS_MOVE = YES;
				CLANG_WARN_UNGUARDED_AVAILABILITY = YES_AGGRESSIVE;
				CLANG_WARN_UNREACHABLE_CODE = YES;
				CLANG_WARN__DUPLICATE_METHOD_MATCH = YES;
				CODE_SIGN_IDENTITY = "iPhone Developer";
				COPY_PHASE_STRIP = NO;
				DEBUG_INFORMATION_FORMAT = dwarf;
				ENABLE_STRICT_OBJC_MSGSEND = YES;
				ENABLE_TESTABILITY = YES;
				GCC_C_LANGUAGE_STANDARD = gnu11;
				GCC_DYNAMIC_NO_PIC = NO;
				GCC_NO_COMMON_BLOCKS = YES;
				GCC_OPTIMIZATION_LEVEL = 0;
				GCC_PREPROCESSOR_DEFINITIONS = (
					"DEBUG=1",
					"$(inherited)",
				);
				GCC_WARN_64_TO_32_BIT_CONVERSION = YES;
				GCC_WARN_ABOUT_RETURN_TYPE = YES_ERROR;
				GCC_WARN_UNDECLARED_SELECTOR = YES;
				GCC_WARN_UNINITIALIZED_AUTOS = YES_AGGRESSIVE;
				GCC_WARN_UNUSED_FUNCTION = YES;
				GCC_WARN_UNUSED_VARIABLE = YES;
				IPHONEOS_DEPLOYMENT_TARGET = 12.0;
				MTL_ENABLE_DEBUG_INFO = INCLUDE_SOURCE;
				MTL_FAST_MATH = YES;
				ONLY_ACTIVE_ARCH = YES;
				SDKROOT = iphoneos;
				SWIFT_ACTIVE_COMPILATION_CONDITIONS = DEBUG;
				SWIFT_OPTIMIZATION_LEVEL = "-Onone";
			};
			name = Debug;
		};
		C872DE57215D69F900E4F41B /* Release */ = {
			isa = XCBuildConfiguration;
			buildSettings = {
				ALWAYS_SEARCH_USER_PATHS = NO;
				CLANG_ANALYZER_NONNULL = YES;
				CLANG_ANALYZER_NUMBER_OBJECT_CONVERSION = YES_AGGRESSIVE;
				CLANG_CXX_LANGUAGE_STANDARD = "gnu++14";
				CLANG_CXX_LIBRARY = "libc++";
				CLANG_ENABLE_MODULES = YES;
				CLANG_ENABLE_OBJC_ARC = YES;
				CLANG_ENABLE_OBJC_WEAK = YES;
				CLANG_WARN_BLOCK_CAPTURE_AUTORELEASING = YES;
				CLANG_WARN_BOOL_CONVERSION = YES;
				CLANG_WARN_COMMA = YES;
				CLANG_WARN_CONSTANT_CONVERSION = YES;
				CLANG_WARN_DEPRECATED_OBJC_IMPLEMENTATIONS = YES;
				CLANG_WARN_DIRECT_OBJC_ISA_USAGE = YES_ERROR;
				CLANG_WARN_DOCUMENTATION_COMMENTS = YES;
				CLANG_WARN_EMPTY_BODY = YES;
				CLANG_WARN_ENUM_CONVERSION = YES;
				CLANG_WARN_INFINITE_RECURSION = YES;
				CLANG_WARN_INT_CONVERSION = YES;
				CLANG_WARN_NON_LITERAL_NULL_CONVERSION = YES;
				CLANG_WARN_OBJC_IMPLICIT_RETAIN_SELF = YES;
				CLANG_WARN_OBJC_LITERAL_CONVERSION = YES;
				CLANG_WARN_OBJC_ROOT_CLASS = YES_ERROR;
				CLANG_WARN_RANGE_LOOP_ANALYSIS = YES;
				CLANG_WARN_STRICT_PROTOTYPES = YES;
				CLANG_WARN_SUSPICIOUS_MOVE = YES;
				CLANG_WARN_UNGUARDED_AVAILABILITY = YES_AGGRESSIVE;
				CLANG_WARN_UNREACHABLE_CODE = YES;
				CLANG_WARN__DUPLICATE_METHOD_MATCH = YES;
				CODE_SIGN_IDENTITY = "iPhone Developer";
				COPY_PHASE_STRIP = NO;
				DEBUG_INFORMATION_FORMAT = "dwarf-with-dsym";
				ENABLE_NS_ASSERTIONS = NO;
				ENABLE_STRICT_OBJC_MSGSEND = YES;
				GCC_C_LANGUAGE_STANDARD = gnu11;
				GCC_NO_COMMON_BLOCKS = YES;
				GCC_WARN_64_TO_32_BIT_CONVERSION = YES;
				GCC_WARN_ABOUT_RETURN_TYPE = YES_ERROR;
				GCC_WARN_UNDECLARED_SELECTOR = YES;
				GCC_WARN_UNINITIALIZED_AUTOS = YES_AGGRESSIVE;
				GCC_WARN_UNUSED_FUNCTION = YES;
				GCC_WARN_UNUSED_VARIABLE = YES;
				IPHONEOS_DEPLOYMENT_TARGET = 12.0;
				MTL_ENABLE_DEBUG_INFO = NO;
				MTL_FAST_MATH = YES;
				SDKROOT = iphoneos;
				SWIFT_COMPILATION_MODE = wholemodule;
				SWIFT_OPTIMIZATION_LEVEL = "-O";
				VALIDATE_PRODUCT = YES;
			};
			name = Release;
		};
		C872DE59215D69F900E4F41B /* Debug */ = {
			isa = XCBuildConfiguration;
			buildSettings = {
				ASSETCATALOG_COMPILER_APPICON_NAME = AppIcon;
				CODE_SIGN_STYLE = Automatic;
				DEVELOPMENT_TEAM = UVKC57B4F7;
				INFOPLIST_FILE = CheckLists/Info.plist;
				LD_RUNPATH_SEARCH_PATHS = (
					"$(inherited)",
					"@executable_path/Frameworks",
				);
				PRODUCT_BUNDLE_IDENTIFIER = com.sajjad.CheckLists;
				PRODUCT_NAME = "$(TARGET_NAME)";
				SWIFT_VERSION = 4.2;
				TARGETED_DEVICE_FAMILY = "1,2";
			};
			name = Debug;
		};
		C872DE5A215D69F900E4F41B /* Release */ = {
			isa = XCBuildConfiguration;
			buildSettings = {
				ASSETCATALOG_COMPILER_APPICON_NAME = AppIcon;
				CODE_SIGN_STYLE = Automatic;
				DEVELOPMENT_TEAM = UVKC57B4F7;
				INFOPLIST_FILE = CheckLists/Info.plist;
				LD_RUNPATH_SEARCH_PATHS = (
					"$(inherited)",
					"@executable_path/Frameworks",
				);
				PRODUCT_BUNDLE_IDENTIFIER = com.sajjad.CheckLists;
				PRODUCT_NAME = "$(TARGET_NAME)";
				SWIFT_VERSION = 4.2;
				TARGETED_DEVICE_FAMILY = "1,2";
			};
			name = Release;
		};
/* End XCBuildConfiguration section */

/* Begin XCConfigurationList section */
		C872DE41215D69F700E4F41B /* Build configuration list for PBXProject "CheckLists" */ = {
			isa = XCConfigurationList;
			buildConfigurations = (
				C872DE56215D69F900E4F41B /* Debug */,
				C872DE57215D69F900E4F41B /* Release */,
			);
			defaultConfigurationIsVisible = 0;
			defaultConfigurationName = Release;
		};
		C872DE58215D69F900E4F41B /* Build configuration list for PBXNativeTarget "CheckLists" */ = {
			isa = XCConfigurationList;
			buildConfigurations = (
				C872DE59215D69F900E4F41B /* Debug */,
				C872DE5A215D69F900E4F41B /* Release */,
			);
			defaultConfigurationIsVisible = 0;
			defaultConfigurationName = Release;
		};
/* End XCConfigurationList section */
	};
	rootObject = C872DE3E215D69F700E4F41B /* Project object */;
}
